
Microsoft Visual Studio Solution File, Format Version 12.00
# Visual Studio 15
VisualStudioVersion = 15.0.28307.421
MinimumVisualStudioVersion = 10.0.40219.1
Project("{FAE04EC0-301F-11D3-BF4B-00C04F79EFBC}") = "ConsAppCaffetteria", "ConsAppCaffetteria\ConsAppCaffetteria.csproj", "{ABF2947D-CC1D-4A9B-B765-D978A4DC69A9}"
EndProject
Global
	GlobalSection(SolutionConfigurationPlatforms) = preSolution
		Debug|Any CPU = Debug|Any CPU
		Release|Any CPU = Release|Any CPU
	EndGlobalSection
	GlobalSection(ProjectConfigurationPlatforms) = postSolution
		{ABF2947D-CC1D-4A9B-B765-D978A4DC69A9}.Debug|Any CPU.ActiveCfg = Debug|Any CPU
		{ABF2947D-CC1D-4A9B-B765-D978A4DC69A9}.Debug|Any CPU.Build.0 = Debug|Any CPU
		{ABF2947D-CC1D-4A9B-B765-D978A4DC69A9}.Release|Any CPU.ActiveCfg = Release|Any CPU
		{ABF2947D-CC1D-4A9B-B765-D978A4DC69A9}.Release|Any CPU.Build.0 = Release|Any CPU
	EndGlobalSection
	GlobalSection(SolutionProperties) = preSolution
		HideSolutionNode = FALSE
	EndGlobalSection
	GlobalSection(ExtensibilityGlobals) = postSolution
		SolutionGuid = {DAA25EBE-8367-441D-A5E1-DFF78A559D92}
	EndGlobalSection
EndGlobal
