
Microsoft Visual Studio Solution File, Format Version 12.00
# Visual Studio 15
VisualStudioVersion = 15.0.27130.2027
MinimumVisualStudioVersion = 10.0.40219.1
Project("{FAE04EC0-301F-11D3-BF4B-00C04F79EFBC}") = "P19_Web_Dynamic_06_MVC", "P19_Web_Dynamic_06_MVC\P19_Web_Dynamic_06_MVC.csproj", "{4B794FA6-A51E-4DB6-9580-BDC79CCB4828}"
EndProject
Global
	GlobalSection(SolutionConfigurationPlatforms) = preSolution
		Debug|Any CPU = Debug|Any CPU
		Release|Any CPU = Release|Any CPU
	EndGlobalSection
	GlobalSection(ProjectConfigurationPlatforms) = postSolution
		{4B794FA6-A51E-4DB6-9580-BDC79CCB4828}.Debug|Any CPU.ActiveCfg = Debug|Any CPU
		{4B794FA6-A51E-4DB6-9580-BDC79CCB4828}.Debug|Any CPU.Build.0 = Debug|Any CPU
		{4B794FA6-A51E-4DB6-9580-BDC79CCB4828}.Release|Any CPU.ActiveCfg = Release|Any CPU
		{4B794FA6-A51E-4DB6-9580-BDC79CCB4828}.Release|Any CPU.Build.0 = Release|Any CPU
	EndGlobalSection
	GlobalSection(SolutionProperties) = preSolution
		HideSolutionNode = FALSE
	EndGlobalSection
	GlobalSection(ExtensibilityGlobals) = postSolution
		SolutionGuid = {C6A63F14-B923-4321-9B79-E78494C386CF}
	EndGlobalSection
EndGlobal
