
Microsoft Visual Studio Solution File, Format Version 12.00
# Visual Studio 15
VisualStudioVersion = 15.0.28307.421
MinimumVisualStudioVersion = 10.0.40219.1
Project("{FAE04EC0-301F-11D3-BF4B-00C04F79EFBC}") = "Exercice3rdPar01", "Exercice3rdPar01\Exercice3rdPar01.csproj", "{6ADC6C21-B22A-4930-BBAE-3F4C6C842B87}"
EndProject
Project("{FAE04EC0-301F-11D3-BF4B-00C04F79EFBC}") = "Exercice3rdPart02", "Exercice3rdPart02\Exercice3rdPart02.csproj", "{360EA249-AD9D-402A-A8B9-D827384C09B4}"
EndProject
Global
	GlobalSection(SolutionConfigurationPlatforms) = preSolution
		Debug|Any CPU = Debug|Any CPU
		Release|Any CPU = Release|Any CPU
	EndGlobalSection
	GlobalSection(ProjectConfigurationPlatforms) = postSolution
		{6ADC6C21-B22A-4930-BBAE-3F4C6C842B87}.Debug|Any CPU.ActiveCfg = Debug|Any CPU
		{6ADC6C21-B22A-4930-BBAE-3F4C6C842B87}.Debug|Any CPU.Build.0 = Debug|Any CPU
		{6ADC6C21-B22A-4930-BBAE-3F4C6C842B87}.Release|Any CPU.ActiveCfg = Release|Any CPU
		{6ADC6C21-B22A-4930-BBAE-3F4C6C842B87}.Release|Any CPU.Build.0 = Release|Any CPU
		{360EA249-AD9D-402A-A8B9-D827384C09B4}.Debug|Any CPU.ActiveCfg = Debug|Any CPU
		{360EA249-AD9D-402A-A8B9-D827384C09B4}.Debug|Any CPU.Build.0 = Debug|Any CPU
		{360EA249-AD9D-402A-A8B9-D827384C09B4}.Release|Any CPU.ActiveCfg = Release|Any CPU
		{360EA249-AD9D-402A-A8B9-D827384C09B4}.Release|Any CPU.Build.0 = Release|Any CPU
	EndGlobalSection
	GlobalSection(SolutionProperties) = preSolution
		HideSolutionNode = FALSE
	EndGlobalSection
	GlobalSection(ExtensibilityGlobals) = postSolution
		SolutionGuid = {F6F4CB16-F343-40A9-948E-825B92F75334}
	EndGlobalSection
EndGlobal
