
Microsoft Visual Studio Solution File, Format Version 12.00
# Visual Studio 15
VisualStudioVersion = 15.0.27130.2027
MinimumVisualStudioVersion = 10.0.40219.1
Project("{FAE04EC0-301F-11D3-BF4B-00C04F79EFBC}") = "Brackets", "Brackets\Brackets.csproj", "{8B0D8F48-2BCB-4A02-8731-B58505591BC9}"
EndProject
Project("{FAE04EC0-301F-11D3-BF4B-00C04F79EFBC}") = "ConsAppProg2", "..\ConsAppProg2\ConsAppProg2\ConsAppProg2.csproj", "{2507D337-9768-4E3C-A73B-C8B1525359E6}"
EndProject
Global
	GlobalSection(SolutionConfigurationPlatforms) = preSolution
		Debug|Any CPU = Debug|Any CPU
		Release|Any CPU = Release|Any CPU
	EndGlobalSection
	GlobalSection(ProjectConfigurationPlatforms) = postSolution
		{8B0D8F48-2BCB-4A02-8731-B58505591BC9}.Debug|Any CPU.ActiveCfg = Debug|Any CPU
		{8B0D8F48-2BCB-4A02-8731-B58505591BC9}.Debug|Any CPU.Build.0 = Debug|Any CPU
		{8B0D8F48-2BCB-4A02-8731-B58505591BC9}.Release|Any CPU.ActiveCfg = Release|Any CPU
		{8B0D8F48-2BCB-4A02-8731-B58505591BC9}.Release|Any CPU.Build.0 = Release|Any CPU
		{2507D337-9768-4E3C-A73B-C8B1525359E6}.Debug|Any CPU.ActiveCfg = Debug|Any CPU
		{2507D337-9768-4E3C-A73B-C8B1525359E6}.Debug|Any CPU.Build.0 = Debug|Any CPU
		{2507D337-9768-4E3C-A73B-C8B1525359E6}.Release|Any CPU.ActiveCfg = Release|Any CPU
		{2507D337-9768-4E3C-A73B-C8B1525359E6}.Release|Any CPU.Build.0 = Release|Any CPU
	EndGlobalSection
	GlobalSection(SolutionProperties) = preSolution
		HideSolutionNode = FALSE
	EndGlobalSection
	GlobalSection(ExtensibilityGlobals) = postSolution
		SolutionGuid = {88C94EC8-9A37-4FF3-A376-31C1F8D3E42D}
	EndGlobalSection
EndGlobal
