
Microsoft Visual Studio Solution File, Format Version 12.00
# Visual Studio 15
VisualStudioVersion = 15.0.27130.2027
MinimumVisualStudioVersion = 10.0.40219.1
Project("{FAE04EC0-301F-11D3-BF4B-00C04F79EFBC}") = "ConsAppVatImperative2", "ConsAppVatImperative2\ConsAppVatImperative2.csproj", "{D75FBC49-2A85-48A2-A506-C08A2D20523C}"
EndProject
Global
	GlobalSection(SolutionConfigurationPlatforms) = preSolution
		Debug|Any CPU = Debug|Any CPU
		Release|Any CPU = Release|Any CPU
	EndGlobalSection
	GlobalSection(ProjectConfigurationPlatforms) = postSolution
		{D75FBC49-2A85-48A2-A506-C08A2D20523C}.Debug|Any CPU.ActiveCfg = Debug|Any CPU
		{D75FBC49-2A85-48A2-A506-C08A2D20523C}.Debug|Any CPU.Build.0 = Debug|Any CPU
		{D75FBC49-2A85-48A2-A506-C08A2D20523C}.Release|Any CPU.ActiveCfg = Release|Any CPU
		{D75FBC49-2A85-48A2-A506-C08A2D20523C}.Release|Any CPU.Build.0 = Release|Any CPU
	EndGlobalSection
	GlobalSection(SolutionProperties) = preSolution
		HideSolutionNode = FALSE
	EndGlobalSection
	GlobalSection(ExtensibilityGlobals) = postSolution
		SolutionGuid = {C08594DC-9F8D-47C5-A77A-B02C6377146F}
	EndGlobalSection
EndGlobal
