
Microsoft Visual Studio Solution File, Format Version 12.00
# Visual Studio 15
VisualStudioVersion = 15.0.28307.645
MinimumVisualStudioVersion = 10.0.40219.1
Project("{9A19103F-16F7-4668-BE54-9A1E7A4F7556}") = "P19_Web_Dynamic_08_PublishingHouse", "P19_Web_Dynamic_08_PublishingHouse.csproj", "{DBA04F71-F4DC-4B2F-9F3A-526B364EF80B}"
EndProject
Global
	GlobalSection(SolutionConfigurationPlatforms) = preSolution
		Debug|Any CPU = Debug|Any CPU
		Release|Any CPU = Release|Any CPU
	EndGlobalSection
	GlobalSection(ProjectConfigurationPlatforms) = postSolution
		{DBA04F71-F4DC-4B2F-9F3A-526B364EF80B}.Debug|Any CPU.ActiveCfg = Debug|Any CPU
		{DBA04F71-F4DC-4B2F-9F3A-526B364EF80B}.Debug|Any CPU.Build.0 = Debug|Any CPU
		{DBA04F71-F4DC-4B2F-9F3A-526B364EF80B}.Release|Any CPU.ActiveCfg = Release|Any CPU
		{DBA04F71-F4DC-4B2F-9F3A-526B364EF80B}.Release|Any CPU.Build.0 = Release|Any CPU
	EndGlobalSection
	GlobalSection(SolutionProperties) = preSolution
		HideSolutionNode = FALSE
	EndGlobalSection
	GlobalSection(ExtensibilityGlobals) = postSolution
		SolutionGuid = {79AA8D26-D9E0-4F40-A17D-4E29B0C1990F}
	EndGlobalSection
EndGlobal
