
Microsoft Visual Studio Solution File, Format Version 12.00
# Visual Studio 15
VisualStudioVersion = 15.0.28307.421
MinimumVisualStudioVersion = 10.0.40219.1
Project("{FAE04EC0-301F-11D3-BF4B-00C04F79EFBC}") = "DesignPatternVisitor", "DesignPatternVisitor.csproj", "{ABC7BE76-F646-49C7-A105-BBD022402F90}"
EndProject
Project("{FAE04EC0-301F-11D3-BF4B-00C04F79EFBC}") = "DesignPatternVisitorTry", "..\DesignPatternVisitorTry\DesignPatternVisitorTry\DesignPatternVisitorTry.csproj", "{8EDD1B16-CE29-4253-A325-EA9BB16CA77A}"
EndProject
Project("{FAE04EC0-301F-11D3-BF4B-00C04F79EFBC}") = "WithoutVisitor-", "..\WithoutVisitor-\WithoutVisitor-.csproj", "{160817E7-6EAB-4085-B283-E9C1CF83F997}"
EndProject
Global
	GlobalSection(SolutionConfigurationPlatforms) = preSolution
		Debug|Any CPU = Debug|Any CPU
		Release|Any CPU = Release|Any CPU
	EndGlobalSection
	GlobalSection(ProjectConfigurationPlatforms) = postSolution
		{ABC7BE76-F646-49C7-A105-BBD022402F90}.Debug|Any CPU.ActiveCfg = Debug|Any CPU
		{ABC7BE76-F646-49C7-A105-BBD022402F90}.Debug|Any CPU.Build.0 = Debug|Any CPU
		{ABC7BE76-F646-49C7-A105-BBD022402F90}.Release|Any CPU.ActiveCfg = Release|Any CPU
		{ABC7BE76-F646-49C7-A105-BBD022402F90}.Release|Any CPU.Build.0 = Release|Any CPU
		{8EDD1B16-CE29-4253-A325-EA9BB16CA77A}.Debug|Any CPU.ActiveCfg = Debug|Any CPU
		{8EDD1B16-CE29-4253-A325-EA9BB16CA77A}.Debug|Any CPU.Build.0 = Debug|Any CPU
		{8EDD1B16-CE29-4253-A325-EA9BB16CA77A}.Release|Any CPU.ActiveCfg = Release|Any CPU
		{8EDD1B16-CE29-4253-A325-EA9BB16CA77A}.Release|Any CPU.Build.0 = Release|Any CPU
		{160817E7-6EAB-4085-B283-E9C1CF83F997}.Debug|Any CPU.ActiveCfg = Debug|Any CPU
		{160817E7-6EAB-4085-B283-E9C1CF83F997}.Debug|Any CPU.Build.0 = Debug|Any CPU
		{160817E7-6EAB-4085-B283-E9C1CF83F997}.Release|Any CPU.ActiveCfg = Release|Any CPU
		{160817E7-6EAB-4085-B283-E9C1CF83F997}.Release|Any CPU.Build.0 = Release|Any CPU
	EndGlobalSection
	GlobalSection(SolutionProperties) = preSolution
		HideSolutionNode = FALSE
	EndGlobalSection
	GlobalSection(ExtensibilityGlobals) = postSolution
		SolutionGuid = {C48E10A8-6901-4437-A79A-C4B87F63A2FD}
	EndGlobalSection
EndGlobal
