
Microsoft Visual Studio Solution File, Format Version 12.00
# Visual Studio 15
VisualStudioVersion = 15.0.28307.421
MinimumVisualStudioVersion = 10.0.40219.1
Project("{FAE04EC0-301F-11D3-BF4B-00C04F79EFBC}") = "DesignPatternVisitor2", "DesignPatternVisitor2\DesignPatternVisitor2.csproj", "{0DFC88F6-B7E1-4D0C-87E5-3767BB435402}"
EndProject
Project("{FAE04EC0-301F-11D3-BF4B-00C04F79EFBC}") = "WithoutVisitor2", "WithoutVisitor\WithoutVisitor2.csproj", "{3CCB881A-643A-4473-9E24-121D2220A44C}"
EndProject
Global
	GlobalSection(SolutionConfigurationPlatforms) = preSolution
		Debug|Any CPU = Debug|Any CPU
		Release|Any CPU = Release|Any CPU
	EndGlobalSection
	GlobalSection(ProjectConfigurationPlatforms) = postSolution
		{0DFC88F6-B7E1-4D0C-87E5-3767BB435402}.Debug|Any CPU.ActiveCfg = Debug|Any CPU
		{0DFC88F6-B7E1-4D0C-87E5-3767BB435402}.Debug|Any CPU.Build.0 = Debug|Any CPU
		{0DFC88F6-B7E1-4D0C-87E5-3767BB435402}.Release|Any CPU.ActiveCfg = Release|Any CPU
		{0DFC88F6-B7E1-4D0C-87E5-3767BB435402}.Release|Any CPU.Build.0 = Release|Any CPU
		{3CCB881A-643A-4473-9E24-121D2220A44C}.Debug|Any CPU.ActiveCfg = Debug|Any CPU
		{3CCB881A-643A-4473-9E24-121D2220A44C}.Debug|Any CPU.Build.0 = Debug|Any CPU
		{3CCB881A-643A-4473-9E24-121D2220A44C}.Release|Any CPU.ActiveCfg = Release|Any CPU
		{3CCB881A-643A-4473-9E24-121D2220A44C}.Release|Any CPU.Build.0 = Release|Any CPU
	EndGlobalSection
	GlobalSection(SolutionProperties) = preSolution
		HideSolutionNode = FALSE
	EndGlobalSection
	GlobalSection(ExtensibilityGlobals) = postSolution
		SolutionGuid = {60F688A8-5BF9-42DA-A2CD-72A8C8BAA191}
	EndGlobalSection
EndGlobal
