
Microsoft Visual Studio Solution File, Format Version 12.00
# Visual Studio 15
VisualStudioVersion = 15.0.27130.2027
MinimumVisualStudioVersion = 10.0.40219.1
Project("{FAE04EC0-301F-11D3-BF4B-00C04F79EFBC}") = "Linq", "Linq\Linq.csproj", "{DF72EB06-4537-46DF-95AA-278708040310}"
EndProject
Global
	GlobalSection(SolutionConfigurationPlatforms) = preSolution
		Debug|Any CPU = Debug|Any CPU
		Release|Any CPU = Release|Any CPU
	EndGlobalSection
	GlobalSection(ProjectConfigurationPlatforms) = postSolution
		{DF72EB06-4537-46DF-95AA-278708040310}.Debug|Any CPU.ActiveCfg = Debug|Any CPU
		{DF72EB06-4537-46DF-95AA-278708040310}.Debug|Any CPU.Build.0 = Debug|Any CPU
		{DF72EB06-4537-46DF-95AA-278708040310}.Release|Any CPU.ActiveCfg = Release|Any CPU
		{DF72EB06-4537-46DF-95AA-278708040310}.Release|Any CPU.Build.0 = Release|Any CPU
	EndGlobalSection
	GlobalSection(SolutionProperties) = preSolution
		HideSolutionNode = FALSE
	EndGlobalSection
	GlobalSection(ExtensibilityGlobals) = postSolution
		SolutionGuid = {32974FA3-6851-4153-85E6-6865A49F8202}
	EndGlobalSection
EndGlobal
