
Microsoft Visual Studio Solution File, Format Version 12.00
# Visual Studio 15
VisualStudioVersion = 15.0.27130.2027
MinimumVisualStudioVersion = 10.0.40219.1
Project("{FAE04EC0-301F-11D3-BF4B-00C04F79EFBC}") = "ConsAppFig", "ConsAppFig\ConsAppFig.csproj", "{56763BAC-36A0-4262-ACC0-8FFC4AC6966B}"
EndProject
Global
	GlobalSection(SolutionConfigurationPlatforms) = preSolution
		Debug|Any CPU = Debug|Any CPU
		Release|Any CPU = Release|Any CPU
	EndGlobalSection
	GlobalSection(ProjectConfigurationPlatforms) = postSolution
		{56763BAC-36A0-4262-ACC0-8FFC4AC6966B}.Debug|Any CPU.ActiveCfg = Debug|Any CPU
		{56763BAC-36A0-4262-ACC0-8FFC4AC6966B}.Debug|Any CPU.Build.0 = Debug|Any CPU
		{56763BAC-36A0-4262-ACC0-8FFC4AC6966B}.Release|Any CPU.ActiveCfg = Release|Any CPU
		{56763BAC-36A0-4262-ACC0-8FFC4AC6966B}.Release|Any CPU.Build.0 = Release|Any CPU
	EndGlobalSection
	GlobalSection(SolutionProperties) = preSolution
		HideSolutionNode = FALSE
	EndGlobalSection
	GlobalSection(ExtensibilityGlobals) = postSolution
		SolutionGuid = {BD764AE3-BE61-4619-B91B-8A9EF3B2CF91}
	EndGlobalSection
EndGlobal
